
Microsoft Visual Studio Solution File, Format Version 12.00
# Visual Studio 15
VisualStudioVersion = 15.0.27428.2015
MinimumVisualStudioVersion = 10.0.40219.1
Project("{FAE04EC0-301F-11D3-BF4B-00C04F79EFBC}") = "SwaggerExample.Api", "SwaggerExample.Api\SwaggerExample.Api.csproj", "{407B64AA-D9D0-4CA7-B3F9-7FF213AF4788}"
EndProject
Global
	GlobalSection(SolutionConfigurationPlatforms) = preSolution
		Debug|Any CPU = Debug|Any CPU
		Release|Any CPU = Release|Any CPU
	EndGlobalSection
	GlobalSection(ProjectConfigurationPlatforms) = postSolution
		{407B64AA-D9D0-4CA7-B3F9-7FF213AF4788}.Debug|Any CPU.ActiveCfg = Debug|Any CPU
		{407B64AA-D9D0-4CA7-B3F9-7FF213AF4788}.Debug|Any CPU.Build.0 = Debug|Any CPU
		{407B64AA-D9D0-4CA7-B3F9-7FF213AF4788}.Release|Any CPU.ActiveCfg = Release|Any CPU
		{407B64AA-D9D0-4CA7-B3F9-7FF213AF4788}.Release|Any CPU.Build.0 = Release|Any CPU
	EndGlobalSection
	GlobalSection(SolutionProperties) = preSolution
		HideSolutionNode = FALSE
	EndGlobalSection
	GlobalSection(ExtensibilityGlobals) = postSolution
		SolutionGuid = {3B4F5877-51E5-415B-9809-37F8A6DA9007}
	EndGlobalSection
EndGlobal
